<?xml version="1.0" encoding="utf-8"?>
<Project ToolsVersion="4.0" xmlns="http://schemas.microsoft.com/developer/msbuild/2003">
  <ItemGroup>
    <Filter Include="Levels">
      <UniqueIdentifier>{08ea0f44-7239-41b6-bf79-7c517b24ec69}</UniqueIdentifier>
    </Filter>
    <Filter Include="UI">
      <UniqueIdentifier>{05b3deaf-6a18-4623-a4e0-44d702436399}</UniqueIdentifier>
    </Filter>
    <Filter Include="PostEffect">
      <UniqueIdentifier>{d86bbaa0-6f53-40c1-8245-19ac12fc3929}</UniqueIdentifier>
    </Filter>
    <Filter Include="Enum">
      <UniqueIdentifier>{535d3b28-9212-4c9b-8444-9138953bbaf4}</UniqueIdentifier>
    </Filter>
    <Filter Include="Map">
      <UniqueIdentifier>{31b4df73-3597-4065-ae6d-e9ba46948fd4}</UniqueIdentifier>
    </Filter>
    <Filter Include="Object">
      <UniqueIdentifier>{297da677-498d-4b9d-9433-80bbd589dccb}</UniqueIdentifier>
    </Filter>
    <Filter Include="Object\Unit">
      <UniqueIdentifier>{1e7e79ed-9e35-4b6d-b49c-d0feeb648749}</UniqueIdentifier>
    </Filter>
    <Filter Include="Object\Unit\Minion">
      <UniqueIdentifier>{ea830e8d-794c-4b6e-9aed-e6b5f7e17043}</UniqueIdentifier>
    </Filter>
    <Filter Include="Object\Unit\Heros">
      <UniqueIdentifier>{9315c83d-a216-4ce5-a6a0-cca71d9ad09a}</UniqueIdentifier>
    </Filter>
    <Filter Include="Object\Unit\Minion\Monster">
      <UniqueIdentifier>{359fcf40-18d9-4c4a-b1aa-09bc3c84431e}</UniqueIdentifier>
    </Filter>
    <Filter Include="Object\Unit\Minion\Unit">
      <UniqueIdentifier>{127db879-812e-4e64-98d3-f91cb207e23c}</UniqueIdentifier>
    </Filter>
  </ItemGroup>
  <ItemGroup>
    <ClInclude Include="TitleLevel.h">
      <Filter>Levels</Filter>
    </ClInclude>
    <ClInclude Include="PlayLevel.h">
      <Filter>Levels</Filter>
    </ClInclude>
    <ClInclude Include="ContentsCore.h" />
    <ClInclude Include="Player.h" />
    <ClInclude Include="PrecompileHeader.h" />
    <ClInclude Include="TestObject.h" />
    <ClInclude Include="FadeEffect.h">
      <Filter>PostEffect</Filter>
    </ClInclude>
    <ClInclude Include="ContentsEnum.h">
      <Filter>Enum</Filter>
    </ClInclude>
    <ClInclude Include="UIPannel.h">
      <Filter>Map</Filter>
    </ClInclude>
    <ClInclude Include="Map.h">
      <Filter>Map</Filter>
    </ClInclude>
    <ClInclude Include="MiniMap.h">
      <Filter>Map</Filter>
    </ClInclude>
    <ClInclude Include="MapOverlay.h">
      <Filter>Map</Filter>
    </ClInclude>
    <ClInclude Include="Unit.h">
      <Filter>Object\Unit</Filter>
    </ClInclude>
    <ClInclude Include="Object.h">
      <Filter>Object</Filter>
    </ClInclude>
    <ClInclude Include="DragBox.h">
      <Filter>UI</Filter>
    </ClInclude>
    <ClInclude Include="Hero.h">
      <Filter>Object\Unit\Heros</Filter>
    </ClInclude>
    <ClInclude Include="Monster_01.h">
      <Filter>Object\Unit\Minion\Monster</Filter>
    </ClInclude>
    <ClInclude Include="Minion.h">
      <Filter>Object\Unit\Minion\Monster</Filter>
    </ClInclude>
    <ClInclude Include="Ksword.h">
      <Filter>Object\Unit\Minion\Unit</Filter>
    </ClInclude>
    <ClInclude Include="Karcher.h">
      <Filter>Object\Unit\Minion\Unit</Filter>
    </ClInclude>
  </ItemGroup>
  <ItemGroup>
    <ClCompile Include="PlayLevel.cpp">
      <Filter>Levels</Filter>
    </ClCompile>
    <ClCompile Include="TitleLevel.cpp">
      <Filter>Levels</Filter>
    </ClCompile>
    <ClCompile Include="ContentsCore.cpp" />
    <ClCompile Include="Player.cpp" />
    <ClCompile Include="PrecompileHeader.cpp" />
    <ClCompile Include="TestObject.cpp" />
    <ClCompile Include="FadeEffect.cpp">
      <Filter>PostEffect</Filter>
    </ClCompile>
    <ClCompile Include="Contents_Resources.cpp" />
    <ClCompile Include="ContentsEnum.cpp">
      <Filter>Enum</Filter>
    </ClCompile>
    <ClCompile Include="Map.cpp">
      <Filter>Map</Filter>
    </ClCompile>
    <ClCompile Include="MiniMap.cpp">
      <Filter>Map</Filter>
    </ClCompile>
    <ClCompile Include="UIPannel.cpp">
      <Filter>Map</Filter>
    </ClCompile>
    <ClCompile Include="MapOverlay.cpp">
      <Filter>Map</Filter>
    </ClCompile>
    <ClCompile Include="Unit.cpp">
      <Filter>Object\Unit</Filter>
    </ClCompile>
    <ClCompile Include="Object.cpp">
      <Filter>Object</Filter>
    </ClCompile>
    <ClCompile Include="DragBox.cpp">
      <Filter>UI</Filter>
    </ClCompile>
    <ClCompile Include="MathFuntion.cpp">
      <Filter>Enum</Filter>
    </ClCompile>
    <ClCompile Include="Hero.cpp">
      <Filter>Object\Unit\Heros</Filter>
    </ClCompile>
    <ClCompile Include="Monster_01.cpp">
      <Filter>Object\Unit\Minion\Monster</Filter>
    </ClCompile>
    <ClCompile Include="Minion.cpp">
      <Filter>Object\Unit\Minion\Monster</Filter>
    </ClCompile>
    <ClCompile Include="Ksword.cpp">
      <Filter>Object\Unit\Minion\Unit</Filter>
    </ClCompile>
    <ClCompile Include="Karcher.cpp">
      <Filter>Object\Unit\Minion\Unit</Filter>
    </ClCompile>
  </ItemGroup>
</Project>