<?xml version="1.0" encoding="utf-8"?>
<Project ToolsVersion="4.0" xmlns="http://schemas.microsoft.com/developer/msbuild/2003">
  <ItemGroup>
    <Filter Include="Levels">
      <UniqueIdentifier>{08ea0f44-7239-41b6-bf79-7c517b24ec69}</UniqueIdentifier>
    </Filter>
    <Filter Include="UI">
      <UniqueIdentifier>{05b3deaf-6a18-4623-a4e0-44d702436399}</UniqueIdentifier>
    </Filter>
    <Filter Include="PostEffect">
      <UniqueIdentifier>{d86bbaa0-6f53-40c1-8245-19ac12fc3929}</UniqueIdentifier>
    </Filter>
    <Filter Include="Enum">
      <UniqueIdentifier>{535d3b28-9212-4c9b-8444-9138953bbaf4}</UniqueIdentifier>
    </Filter>
    <Filter Include="Map">
      <UniqueIdentifier>{31b4df73-3597-4065-ae6d-e9ba46948fd4}</UniqueIdentifier>
    </Filter>
    <Filter Include="Object">
      <UniqueIdentifier>{297da677-498d-4b9d-9433-80bbd589dccb}</UniqueIdentifier>
    </Filter>
    <Filter Include="Object\Unit">
      <UniqueIdentifier>{1e7e79ed-9e35-4b6d-b49c-d0feeb648749}</UniqueIdentifier>
    </Filter>
    <Filter Include="Object\Unit\Minion">
      <UniqueIdentifier>{ea830e8d-794c-4b6e-9aed-e6b5f7e17043}</UniqueIdentifier>
    </Filter>
    <Filter Include="Object\Unit\Heros">
      <UniqueIdentifier>{9315c83d-a216-4ce5-a6a0-cca71d9ad09a}</UniqueIdentifier>
    </Filter>
    <Filter Include="Object\Unit\Minion\Monster">
      <UniqueIdentifier>{359fcf40-18d9-4c4a-b1aa-09bc3c84431e}</UniqueIdentifier>
    </Filter>
    <Filter Include="Object\Unit\Units">
      <UniqueIdentifier>{127db879-812e-4e64-98d3-f91cb207e23c}</UniqueIdentifier>
    </Filter>
    <Filter Include="Object\Unit\Heros\China">
      <UniqueIdentifier>{d12b2498-0e0c-4014-a995-f49ece8265ed}</UniqueIdentifier>
    </Filter>
    <Filter Include="Object\Unit\Heros\Korea">
      <UniqueIdentifier>{8dcdd5c0-27f2-4478-be33-c41986051e7c}</UniqueIdentifier>
    </Filter>
    <Filter Include="Object\Unit\Heros\Japan">
      <UniqueIdentifier>{32183015-747c-4fd6-a2f5-7eb458d03306}</UniqueIdentifier>
    </Filter>
    <Filter Include="MapEditor">
      <UniqueIdentifier>{3fad294e-a294-4950-a082-22305fa90a7c}</UniqueIdentifier>
    </Filter>
    <Filter Include="OptionSheet">
      <UniqueIdentifier>{15a6903a-66a1-4c1f-bbcc-a4e6cbeb4238}</UniqueIdentifier>
    </Filter>
    <Filter Include="Object\Building">
      <UniqueIdentifier>{02bb987b-fc27-4f2a-96f2-c1e35f19606f}</UniqueIdentifier>
    </Filter>
    <Filter Include="Object\Building\Enemy">
      <UniqueIdentifier>{59b4b3db-bd06-48be-8f83-86ba290acb3e}</UniqueIdentifier>
    </Filter>
    <Filter Include="Object\Building\Mine">
      <UniqueIdentifier>{ba0ab073-31af-48ea-af0f-50bb15e25700}</UniqueIdentifier>
    </Filter>
  </ItemGroup>
  <ItemGroup>
    <ClInclude Include="TitleLevel.h">
      <Filter>Levels</Filter>
    </ClInclude>
    <ClInclude Include="PlayLevel.h">
      <Filter>Levels</Filter>
    </ClInclude>
    <ClInclude Include="ContentsCore.h" />
    <ClInclude Include="Player.h" />
    <ClInclude Include="PrecompileHeader.h" />
    <ClInclude Include="TestObject.h" />
    <ClInclude Include="FadeEffect.h">
      <Filter>PostEffect</Filter>
    </ClInclude>
    <ClInclude Include="ContentsEnum.h">
      <Filter>Enum</Filter>
    </ClInclude>
    <ClInclude Include="Map.h">
      <Filter>Map</Filter>
    </ClInclude>
    <ClInclude Include="MiniMap.h">
      <Filter>Map</Filter>
    </ClInclude>
    <ClInclude Include="MapOverlay.h">
      <Filter>Map</Filter>
    </ClInclude>
    <ClInclude Include="Unit.h">
      <Filter>Object\Unit</Filter>
    </ClInclude>
    <ClInclude Include="Object.h">
      <Filter>Object</Filter>
    </ClInclude>
    <ClInclude Include="DragBox.h">
      <Filter>UI</Filter>
    </ClInclude>
    <ClInclude Include="Hero.h">
      <Filter>Object\Unit\Heros</Filter>
    </ClInclude>
    <ClInclude Include="Monster_01.h">
      <Filter>Object\Unit\Minion\Monster</Filter>
    </ClInclude>
    <ClInclude Include="Ksword.h">
      <Filter>Object\Unit\Units</Filter>
    </ClInclude>
    <ClInclude Include="Karcher.h">
      <Filter>Object\Unit\Units</Filter>
    </ClInclude>
    <ClInclude Include="Frog.h">
      <Filter>Object\Unit\Minion\Monster</Filter>
    </ClInclude>
    <ClInclude Include="Gangsi.h">
      <Filter>Object\Unit\Minion\Monster</Filter>
    </ClInclude>
    <ClInclude Include="Gatpha.h">
      <Filter>Object\Unit\Minion\Monster</Filter>
    </ClInclude>
    <ClInclude Include="HungryDemon.h">
      <Filter>Object\Unit\Minion\Monster</Filter>
    </ClInclude>
    <ClInclude Include="Onghwa.h">
      <Filter>Object\Unit\Minion\Monster</Filter>
    </ClInclude>
    <ClInclude Include="Tiger.h">
      <Filter>Object\Unit\Minion\Monster</Filter>
    </ClInclude>
    <ClInclude Include="WeirdPlant.h">
      <Filter>Object\Unit\Minion\Monster</Filter>
    </ClInclude>
    <ClInclude Include="Raccoondog.h">
      <Filter>Object\Unit\Minion\Monster</Filter>
    </ClInclude>
    <ClInclude Include="Snowdemon.h">
      <Filter>Object\Unit\Minion\Monster</Filter>
    </ClInclude>
    <ClInclude Include="Snowwoman.h">
      <Filter>Object\Unit\Minion\Monster</Filter>
    </ClInclude>
    <ClInclude Include="Starfish.h">
      <Filter>Object\Unit\Minion\Monster</Filter>
    </ClInclude>
    <ClInclude Include="SwordPirate.h">
      <Filter>Object\Unit\Minion\Monster</Filter>
    </ClInclude>
    <ClInclude Include="Minion.h">
      <Filter>Object\Unit\Minion</Filter>
    </ClInclude>
    <ClInclude Include="Gonisi.h">
      <Filter>Object\Unit\Heros\Japan</Filter>
    </ClInclude>
    <ClInclude Include="Seisho.h">
      <Filter>Object\Unit\Heros\Japan</Filter>
    </ClInclude>
    <ClInclude Include="Tokugawa.h">
      <Filter>Object\Unit\Heros\Japan</Filter>
    </ClInclude>
    <ClInclude Include="Ugida.h">
      <Filter>Object\Unit\Heros\Japan</Filter>
    </ClInclude>
    <ClInclude Include="Wakizaka.h">
      <Filter>Object\Unit\Heros\Japan</Filter>
    </ClInclude>
    <ClInclude Include="Gato.h">
      <Filter>Object\Unit\Heros\Japan</Filter>
    </ClInclude>
    <ClInclude Include="Asako.h">
      <Filter>Object\Unit\Heros\Japan</Filter>
    </ClInclude>
    <ClInclude Include="resource.h" />
    <ClInclude Include="Mitsunari.h">
      <Filter>Object\Unit\Heros\Japan</Filter>
    </ClInclude>
    <ClInclude Include="HeoJun.h">
      <Filter>Object\Unit\Heros\Korea</Filter>
    </ClInclude>
    <ClInclude Include="KimDeokryeong.h">
      <Filter>Object\Unit\Heros\Korea</Filter>
    </ClInclude>
    <ClInclude Include="KimSimin.h">
      <Filter>Object\Unit\Heros\Korea</Filter>
    </ClInclude>
    <ClInclude Include="KwakJaewoo.h">
      <Filter>Object\Unit\Heros\Korea</Filter>
    </ClInclude>
    <ClInclude Include="KwonYul.h">
      <Filter>Object\Unit\Heros\Korea</Filter>
    </ClInclude>
    <ClInclude Include="RyuSeongryong.h">
      <Filter>Object\Unit\Heros\Korea</Filter>
    </ClInclude>
    <ClInclude Include="Samyeongdaesa.h">
      <Filter>Object\Unit\Heros\Korea</Filter>
    </ClInclude>
    <ClInclude Include="YiSunsin.h">
      <Filter>Object\Unit\Heros\Korea</Filter>
    </ClInclude>
    <ClInclude Include="Iryeong.h">
      <Filter>Object\Unit\Heros\China</Filter>
    </ClInclude>
    <ClInclude Include="Jinlin.h">
      <Filter>Object\Unit\Heros\China</Filter>
    </ClInclude>
    <ClInclude Include="JoSeunghun.h">
      <Filter>Object\Unit\Heros\China</Filter>
    </ClInclude>
    <ClInclude Include="ShimYugyeong.h">
      <Filter>Object\Unit\Heros\China</Filter>
    </ClInclude>
    <ClInclude Include="SongEungchang.h">
      <Filter>Object\Unit\Heros\China</Filter>
    </ClInclude>
    <ClInclude Include="Yeoyeomun.h">
      <Filter>Object\Unit\Heros\China</Filter>
    </ClInclude>
    <ClInclude Include="YiYeosong.h">
      <Filter>Object\Unit\Heros\China</Filter>
    </ClInclude>
    <ClInclude Include="Mouse.h">
      <Filter>UI</Filter>
    </ClInclude>
    <ClInclude Include="UIButton.h">
      <Filter>UI</Filter>
    </ClInclude>
    <ClInclude Include="DefenseMap.h">
      <Filter>Map</Filter>
    </ClInclude>
    <ClInclude Include="MapEditor.h">
      <Filter>MapEditor</Filter>
    </ClInclude>
    <ClInclude Include="UIPannel.h">
      <Filter>UI</Filter>
    </ClInclude>
    <ClInclude Include="DefenseMapEditor.h">
      <Filter>MapEditor</Filter>
    </ClInclude>
    <ClInclude Include="GlobalValue.h">
      <Filter>Enum</Filter>
    </ClInclude>
    <ClInclude Include="Optionsheet.h">
      <Filter>OptionSheet</Filter>
    </ClInclude>
    <ClInclude Include="Building.h">
      <Filter>Object\Building</Filter>
    </ClInclude>
    <ClInclude Include="RUINobject0.h" />
    <ClInclude Include="TreasureBox.h">
      <Filter>Object\Building\Enemy</Filter>
    </ClInclude>
    <ClInclude Include="NormalObject1.h">
      <Filter>Object\Building\Enemy</Filter>
    </ClInclude>
    <ClInclude Include="RuinObject.h">
      <Filter>Object\Building\Enemy</Filter>
    </ClInclude>
  </ItemGroup>
  <ItemGroup>
    <ClCompile Include="PlayLevel.cpp">
      <Filter>Levels</Filter>
    </ClCompile>
    <ClCompile Include="TitleLevel.cpp">
      <Filter>Levels</Filter>
    </ClCompile>
    <ClCompile Include="ContentsCore.cpp" />
    <ClCompile Include="Player.cpp" />
    <ClCompile Include="PrecompileHeader.cpp" />
    <ClCompile Include="TestObject.cpp" />
    <ClCompile Include="FadeEffect.cpp">
      <Filter>PostEffect</Filter>
    </ClCompile>
    <ClCompile Include="Contents_Resources.cpp" />
    <ClCompile Include="ContentsEnum.cpp">
      <Filter>Enum</Filter>
    </ClCompile>
    <ClCompile Include="Map.cpp">
      <Filter>Map</Filter>
    </ClCompile>
    <ClCompile Include="MiniMap.cpp">
      <Filter>Map</Filter>
    </ClCompile>
    <ClCompile Include="MapOverlay.cpp">
      <Filter>Map</Filter>
    </ClCompile>
    <ClCompile Include="Unit.cpp">
      <Filter>Object\Unit</Filter>
    </ClCompile>
    <ClCompile Include="Object.cpp">
      <Filter>Object</Filter>
    </ClCompile>
    <ClCompile Include="DragBox.cpp">
      <Filter>UI</Filter>
    </ClCompile>
    <ClCompile Include="MathFuntion.cpp">
      <Filter>Enum</Filter>
    </ClCompile>
    <ClCompile Include="Hero.cpp">
      <Filter>Object\Unit\Heros</Filter>
    </ClCompile>
    <ClCompile Include="Monster_01.cpp">
      <Filter>Object\Unit\Minion\Monster</Filter>
    </ClCompile>
    <ClCompile Include="Ksword.cpp">
      <Filter>Object\Unit\Units</Filter>
    </ClCompile>
    <ClCompile Include="Karcher.cpp">
      <Filter>Object\Unit\Units</Filter>
    </ClCompile>
    <ClCompile Include="Frog.cpp">
      <Filter>Object\Unit\Minion\Monster</Filter>
    </ClCompile>
    <ClCompile Include="Gangsi.cpp">
      <Filter>Object\Unit\Minion\Monster</Filter>
    </ClCompile>
    <ClCompile Include="Gatpha.cpp">
      <Filter>Object\Unit\Minion\Monster</Filter>
    </ClCompile>
    <ClCompile Include="HungryDemon.cpp">
      <Filter>Object\Unit\Minion\Monster</Filter>
    </ClCompile>
    <ClCompile Include="Onghwa.cpp">
      <Filter>Object\Unit\Minion\Monster</Filter>
    </ClCompile>
    <ClCompile Include="Tiger.cpp">
      <Filter>Object\Unit\Minion\Monster</Filter>
    </ClCompile>
    <ClCompile Include="WeirdPlant.cpp">
      <Filter>Object\Unit\Minion\Monster</Filter>
    </ClCompile>
    <ClCompile Include="Raccoondog.cpp">
      <Filter>Object\Unit\Minion\Monster</Filter>
    </ClCompile>
    <ClCompile Include="Snowdemon.cpp">
      <Filter>Object\Unit\Minion\Monster</Filter>
    </ClCompile>
    <ClCompile Include="Snowwoman.cpp">
      <Filter>Object\Unit\Minion\Monster</Filter>
    </ClCompile>
    <ClCompile Include="Starfish.cpp">
      <Filter>Object\Unit\Minion\Monster</Filter>
    </ClCompile>
    <ClCompile Include="SwordPirate.cpp">
      <Filter>Object\Unit\Minion\Monster</Filter>
    </ClCompile>
    <ClCompile Include="Minion.cpp">
      <Filter>Object\Unit\Minion</Filter>
    </ClCompile>
    <ClCompile Include="Gonisi.cpp">
      <Filter>Object\Unit\Heros\Japan</Filter>
    </ClCompile>
    <ClCompile Include="Seisho.cpp">
      <Filter>Object\Unit\Heros\Japan</Filter>
    </ClCompile>
    <ClCompile Include="Tokugawa.cpp">
      <Filter>Object\Unit\Heros\Japan</Filter>
    </ClCompile>
    <ClCompile Include="Ugida.cpp">
      <Filter>Object\Unit\Heros\Japan</Filter>
    </ClCompile>
    <ClCompile Include="Wakizaka.cpp">
      <Filter>Object\Unit\Heros\Japan</Filter>
    </ClCompile>
    <ClCompile Include="Gato.cpp">
      <Filter>Object\Unit\Heros\Japan</Filter>
    </ClCompile>
    <ClCompile Include="Asako.cpp">
      <Filter>Object\Unit\Heros\Japan</Filter>
    </ClCompile>
    <ClCompile Include="Mitsunari.cpp">
      <Filter>Object\Unit\Heros\Japan</Filter>
    </ClCompile>
    <ClCompile Include="HeoJun.cpp">
      <Filter>Object\Unit\Heros\Korea</Filter>
    </ClCompile>
    <ClCompile Include="KimDeokryeong.cpp">
      <Filter>Object\Unit\Heros\Korea</Filter>
    </ClCompile>
    <ClCompile Include="KimSimin.cpp">
      <Filter>Object\Unit\Heros\Korea</Filter>
    </ClCompile>
    <ClCompile Include="KwakJaewoo.cpp">
      <Filter>Object\Unit\Heros\Korea</Filter>
    </ClCompile>
    <ClCompile Include="KwonYul.cpp">
      <Filter>Object\Unit\Heros\Korea</Filter>
    </ClCompile>
    <ClCompile Include="RyuSeongryong.cpp">
      <Filter>Object\Unit\Heros\Korea</Filter>
    </ClCompile>
    <ClCompile Include="Samyeongdaesa.cpp">
      <Filter>Object\Unit\Heros\Korea</Filter>
    </ClCompile>
    <ClCompile Include="YiSunsin.cpp">
      <Filter>Object\Unit\Heros\Korea</Filter>
    </ClCompile>
    <ClCompile Include="Iryeong.cpp">
      <Filter>Object\Unit\Heros\China</Filter>
    </ClCompile>
    <ClCompile Include="Jinlin.cpp">
      <Filter>Object\Unit\Heros\China</Filter>
    </ClCompile>
    <ClCompile Include="JoSeunghun.cpp">
      <Filter>Object\Unit\Heros\China</Filter>
    </ClCompile>
    <ClCompile Include="ShimYugyeong.cpp">
      <Filter>Object\Unit\Heros\China</Filter>
    </ClCompile>
    <ClCompile Include="SongEungchang.cpp">
      <Filter>Object\Unit\Heros\China</Filter>
    </ClCompile>
    <ClCompile Include="Yeoyeomun.cpp">
      <Filter>Object\Unit\Heros\China</Filter>
    </ClCompile>
    <ClCompile Include="YiYeosong.cpp">
      <Filter>Object\Unit\Heros\China</Filter>
    </ClCompile>
    <ClCompile Include="Mouse.cpp">
      <Filter>UI</Filter>
    </ClCompile>
    <ClCompile Include="UIButton.cpp">
      <Filter>UI</Filter>
    </ClCompile>
    <ClCompile Include="DefenseMap.cpp">
      <Filter>Map</Filter>
    </ClCompile>
    <ClCompile Include="MapEditor.cpp">
      <Filter>MapEditor</Filter>
    </ClCompile>
    <ClCompile Include="UIPannel.cpp">
      <Filter>UI</Filter>
    </ClCompile>
    <ClCompile Include="DefenseMapEditor.cpp">
      <Filter>MapEditor</Filter>
    </ClCompile>
    <ClCompile Include="GlobalValue.cpp">
      <Filter>Enum</Filter>
    </ClCompile>
    <ClCompile Include="Optionsheet.cpp">
      <Filter>OptionSheet</Filter>
    </ClCompile>
    <ClCompile Include="Building.cpp">
      <Filter>Object\Building</Filter>
    </ClCompile>
    <ClCompile Include="RUINobject0.cpp" />
    <ClCompile Include="NormalObject1.cpp">
      <Filter>Object\Building\Enemy</Filter>
    </ClCompile>
    <ClCompile Include="RuinObject.cpp">
      <Filter>Object\Building\Enemy</Filter>
    </ClCompile>
    <ClCompile Include="TreasureBox.cpp">
      <Filter>Object\Building\Enemy</Filter>
    </ClCompile>
  </ItemGroup>
  <ItemGroup>
    <ResourceCompile Include="GameEngineContents.rc" />
  </ItemGroup>
</Project>