<?xml version="1.0" encoding="utf-8"?>
<Project ToolsVersion="4.0" xmlns="http://schemas.microsoft.com/developer/msbuild/2003">
  <ItemGroup>
    <Filter Include="Levels">
      <UniqueIdentifier>{08ea0f44-7239-41b6-bf79-7c517b24ec69}</UniqueIdentifier>
    </Filter>
    <Filter Include="UI">
      <UniqueIdentifier>{05b3deaf-6a18-4623-a4e0-44d702436399}</UniqueIdentifier>
    </Filter>
    <Filter Include="Unit">
      <UniqueIdentifier>{1e7e79ed-9e35-4b6d-b49c-d0feeb648749}</UniqueIdentifier>
    </Filter>
  </ItemGroup>
  <ItemGroup>
    <ClInclude Include="TitleLevel.h">
      <Filter>Levels</Filter>
    </ClInclude>
    <ClInclude Include="PlayLevel.h">
      <Filter>Levels</Filter>
    </ClInclude>
    <ClInclude Include="ContentsCore.h" />
    <ClInclude Include="Player.h" />
    <ClInclude Include="PrecompileHeader.h" />
    <ClInclude Include="TestObject.h" />
    <ClInclude Include="UIPannel.h">
      <Filter>UI</Filter>
    </ClInclude>
    <ClInclude Include="Map.h">
      <Filter>UI</Filter>
    </ClInclude>
    <ClInclude Include="MiniMap.h">
      <Filter>UI</Filter>
    </ClInclude>
    <ClInclude Include="Ksword.h">
      <Filter>Unit</Filter>
    </ClInclude>
  </ItemGroup>
  <ItemGroup>
    <ClCompile Include="PlayLevel.cpp">
      <Filter>Levels</Filter>
    </ClCompile>
    <ClCompile Include="TitleLevel.cpp">
      <Filter>Levels</Filter>
    </ClCompile>
    <ClCompile Include="ContentsCore.cpp" />
    <ClCompile Include="Player.cpp" />
    <ClCompile Include="PrecompileHeader.cpp" />
    <ClCompile Include="TestObject.cpp" />
    <ClCompile Include="UIPannel.cpp">
      <Filter>UI</Filter>
    </ClCompile>
    <ClCompile Include="Map.cpp">
      <Filter>UI</Filter>
    </ClCompile>
    <ClCompile Include="MiniMap.cpp">
      <Filter>UI</Filter>
    </ClCompile>
    <ClCompile Include="Ksword.cpp">
      <Filter>Unit</Filter>
    </ClCompile>
  </ItemGroup>
</Project>